
Microsoft Visual Studio Solution File, Format Version 12.00
# Visual Studio Version 17
VisualStudioVersion = 17.3.32825.248
MinimumVisualStudioVersion = 10.0.40219.1
Project("{FAE04EC0-301F-11D3-BF4B-00C04F79EFBC}") = "ConsoleApp1", "ConsoleApp1\ConsoleApp1.csproj", "{32CA0E08-864C-47CC-8A1E-1419DDA801EC}"
EndProject
Global
	GlobalSection(SolutionConfigurationPlatforms) = preSolution
		Debug|Any CPU = Debug|Any CPU
		Release|Any CPU = Release|Any CPU
	EndGlobalSection
	GlobalSection(ProjectConfigurationPlatforms) = postSolution
		{32CA0E08-864C-47CC-8A1E-1419DDA801EC}.Debug|Any CPU.ActiveCfg = Debug|Any CPU
		{32CA0E08-864C-47CC-8A1E-1419DDA801EC}.Debug|Any CPU.Build.0 = Debug|Any CPU
		{32CA0E08-864C-47CC-8A1E-1419DDA801EC}.Release|Any CPU.ActiveCfg = Release|Any CPU
		{32CA0E08-864C-47CC-8A1E-1419DDA801EC}.Release|Any CPU.Build.0 = Release|Any CPU
	EndGlobalSection
	GlobalSection(SolutionProperties) = preSolution
		HideSolutionNode = FALSE
	EndGlobalSection
	GlobalSection(ExtensibilityGlobals) = postSolution
		SolutionGuid = {75508350-AD91-4489-9244-EF0891D51306}
	EndGlobalSection
EndGlobal
